
Microsoft Visual Studio Solution File, Format Version 12.00
Project("{FAE04EC0-301F-11D3-BF4B-00C04F79EFBC}") = "ActionsDocExporter", "ActionsDocExporter\ActionsDocExporter.csproj", "{8CC1794A-A800-4958-AF4F-8357B93763D2}"
EndProject
Project("{FAE04EC0-301F-11D3-BF4B-00C04F79EFBC}") = "ActionsDocExporter.Test", "ActionsDocExporter.Test\ActionsDocExporter.Test.csproj", "{29040D0B-5A3C-4F9E-B4A2-848257029CB8}"
EndProject
Global
	GlobalSection(SolutionConfigurationPlatforms) = preSolution
		Debug|Any CPU = Debug|Any CPU
		Release|Any CPU = Release|Any CPU
	EndGlobalSection
	GlobalSection(ProjectConfigurationPlatforms) = postSolution
		{8CC1794A-A800-4958-AF4F-8357B93763D2}.Debug|Any CPU.ActiveCfg = Debug|Any CPU
		{8CC1794A-A800-4958-AF4F-8357B93763D2}.Debug|Any CPU.Build.0 = Debug|Any CPU
		{8CC1794A-A800-4958-AF4F-8357B93763D2}.Release|Any CPU.ActiveCfg = Release|Any CPU
		{8CC1794A-A800-4958-AF4F-8357B93763D2}.Release|Any CPU.Build.0 = Release|Any CPU
		{29040D0B-5A3C-4F9E-B4A2-848257029CB8}.Debug|Any CPU.ActiveCfg = Debug|Any CPU
		{29040D0B-5A3C-4F9E-B4A2-848257029CB8}.Debug|Any CPU.Build.0 = Debug|Any CPU
		{29040D0B-5A3C-4F9E-B4A2-848257029CB8}.Release|Any CPU.ActiveCfg = Release|Any CPU
		{29040D0B-5A3C-4F9E-B4A2-848257029CB8}.Release|Any CPU.Build.0 = Release|Any CPU
	EndGlobalSection
EndGlobal
